
Microsoft Visual Studio Solution File, Format Version 12.00
# Visual Studio 15
Project("{FAE04EC0-301F-11D3-BF4B-00C04F79EFBC}") = "Assembly-CSharp-firstpass", "Assembly-CSharp-firstpass.csproj", "{862B965E-0121-37A3-1A44-179D3F4998F2}"
EndProject
Project("{FAE04EC0-301F-11D3-BF4B-00C04F79EFBC}") = "Assembly-CSharp", "Assembly-CSharp.csproj", "{18EEFBCE-44EE-F83B-B6E8-EA0A50F56FF3}"
EndProject
Global
	GlobalSection(SolutionConfigurationPlatforms) = preSolution
		Debug|Any CPU = Debug|Any CPU
		Release|Any CPU = Release|Any CPU
	EndGlobalSection
	GlobalSection(ProjectConfigurationPlatforms) = postSolution
		{862B965E-0121-37A3-1A44-179D3F4998F2}.Debug|Any CPU.ActiveCfg = Debug|Any CPU
		{862B965E-0121-37A3-1A44-179D3F4998F2}.Debug|Any CPU.Build.0 = Debug|Any CPU
		{862B965E-0121-37A3-1A44-179D3F4998F2}.Release|Any CPU.ActiveCfg = Release|Any CPU
		{862B965E-0121-37A3-1A44-179D3F4998F2}.Release|Any CPU.Build.0 = Release|Any CPU
		{18EEFBCE-44EE-F83B-B6E8-EA0A50F56FF3}.Debug|Any CPU.ActiveCfg = Debug|Any CPU
		{18EEFBCE-44EE-F83B-B6E8-EA0A50F56FF3}.Debug|Any CPU.Build.0 = Debug|Any CPU
		{18EEFBCE-44EE-F83B-B6E8-EA0A50F56FF3}.Release|Any CPU.ActiveCfg = Release|Any CPU
		{18EEFBCE-44EE-F83B-B6E8-EA0A50F56FF3}.Release|Any CPU.Build.0 = Release|Any CPU
	EndGlobalSection
	GlobalSection(SolutionProperties) = preSolution
		HideSolutionNode = FALSE
	EndGlobalSection
EndGlobal
